// !$*UTF8*$!
{
	archiveVersion = 1;
	classes = {
	};
	objectVersion = 55;
	objects = {

/* Begin PBXBuildFile section */
		1E2F260A27963703001634B9 /* ProfilePhotoSelectorView.swift in Sources */ = {isa = PBXBuildFile; fileRef = 1E2F260927963703001634B9 /* ProfilePhotoSelectorView.swift */; };
		1E3489D927970395007F1CC1 /* ImagePicker.swift in Sources */ = {isa = PBXBuildFile; fileRef = 1E3489D827970395007F1CC1 /* ImagePicker.swift */; };
		1E3489DB27970D83007F1CC1 /* ImageUploader.swift in Sources */ = {isa = PBXBuildFile; fileRef = 1E3489DA27970D83007F1CC1 /* ImageUploader.swift */; };
		1E49222C279268A6006FD6E3 /* TwitterSwiftUIApp.swift in Sources */ = {isa = PBXBuildFile; fileRef = 1E49222B279268A6006FD6E3 /* TwitterSwiftUIApp.swift */; };
		1E49222E279268A6006FD6E3 /* ContentView.swift in Sources */ = {isa = PBXBuildFile; fileRef = 1E49222D279268A6006FD6E3 /* ContentView.swift */; };
		1E492230279268A8006FD6E3 /* Assets.xcassets in Resources */ = {isa = PBXBuildFile; fileRef = 1E49222F279268A8006FD6E3 /* Assets.xcassets */; };
		1E492233279268A8006FD6E3 /* Preview Assets.xcassets in Resources */ = {isa = PBXBuildFile; fileRef = 1E492232279268A8006FD6E3 /* Preview Assets.xcassets */; };
		1E49224227926A1B006FD6E3 /* FeedView.swift in Sources */ = {isa = PBXBuildFile; fileRef = 1E49224127926A1B006FD6E3 /* FeedView.swift */; };
		1E49224527926ACC006FD6E3 /* TweetRowView.swift in Sources */ = {isa = PBXBuildFile; fileRef = 1E49224427926ACC006FD6E3 /* TweetRowView.swift */; };
		1E49224827926E84006FD6E3 /* MainTabView.swift in Sources */ = {isa = PBXBuildFile; fileRef = 1E49224727926E84006FD6E3 /* MainTabView.swift */; };
		1E49224E27926F37006FD6E3 /* ExploreView.swift in Sources */ = {isa = PBXBuildFile; fileRef = 1E49224D27926F37006FD6E3 /* ExploreView.swift */; };
		1E49225027926F48006FD6E3 /* NotificationsView.swift in Sources */ = {isa = PBXBuildFile; fileRef = 1E49224F27926F48006FD6E3 /* NotificationsView.swift */; };
		1E49225227926F62006FD6E3 /* MessagesView.swift in Sources */ = {isa = PBXBuildFile; fileRef = 1E49225127926F62006FD6E3 /* MessagesView.swift */; };
		1E4922562792708C006FD6E3 /* ProfileView.swift in Sources */ = {isa = PBXBuildFile; fileRef = 1E4922552792708C006FD6E3 /* ProfileView.swift */; };
		1E49225827927540006FD6E3 /* TweetFilterViewModel.swift in Sources */ = {isa = PBXBuildFile; fileRef = 1E49225727927540006FD6E3 /* TweetFilterViewModel.swift */; };
		1E49225D27929EAF006FD6E3 /* UserRowView.swift in Sources */ = {isa = PBXBuildFile; fileRef = 1E49225C27929EAF006FD6E3 /* UserRowView.swift */; };
		1E4922622792A0BC006FD6E3 /* SideMenuView.swift in Sources */ = {isa = PBXBuildFile; fileRef = 1E4922612792A0BC006FD6E3 /* SideMenuView.swift */; };
		1E4922642792A0D0006FD6E3 /* SideMenuRowView.swift in Sources */ = {isa = PBXBuildFile; fileRef = 1E4922632792A0D0006FD6E3 /* SideMenuRowView.swift */; };
		1E4922662792A0E2006FD6E3 /* SideMenuViewmodel.swift in Sources */ = {isa = PBXBuildFile; fileRef = 1E4922652792A0E2006FD6E3 /* SideMenuViewmodel.swift */; };
		1E4922682792A214006FD6E3 /* UserStatsView.swift in Sources */ = {isa = PBXBuildFile; fileRef = 1E4922672792A214006FD6E3 /* UserStatsView.swift */; };
		1E49226A2792A8BA006FD6E3 /* SideMenuOptionRowView.swift in Sources */ = {isa = PBXBuildFile; fileRef = 1E4922692792A8BA006FD6E3 /* SideMenuOptionRowView.swift */; };
		1E8D638C27976BF400DB7CC9 /* UserService.swift in Sources */ = {isa = PBXBuildFile; fileRef = 1E8D638B27976BF400DB7CC9 /* UserService.swift */; };
		1E8D638E27976D4B00DB7CC9 /* User.swift in Sources */ = {isa = PBXBuildFile; fileRef = 1E8D638D27976D4B00DB7CC9 /* User.swift */; };
		1E8D63912797731900DB7CC9 /* Kingfisher in Frameworks */ = {isa = PBXBuildFile; productRef = 1E8D63902797731900DB7CC9 /* Kingfisher */; };
		1E8D639327977F9500DB7CC9 /* ExploreViewModel.swift in Sources */ = {isa = PBXBuildFile; fileRef = 1E8D639227977F9500DB7CC9 /* ExploreViewModel.swift */; };
		1E8D63952797836400DB7CC9 /* SearchBar.swift in Sources */ = {isa = PBXBuildFile; fileRef = 1E8D63942797836400DB7CC9 /* SearchBar.swift */; };
		1E8D6397279787C000DB7CC9 /* TweetService.swift in Sources */ = {isa = PBXBuildFile; fileRef = 1E8D6396279787C000DB7CC9 /* TweetService.swift */; };
		1E8D6399279788EF00DB7CC9 /* UploadTweetViewModel.swift in Sources */ = {isa = PBXBuildFile; fileRef = 1E8D6398279788EF00DB7CC9 /* UploadTweetViewModel.swift */; };
		1EBB2C8A2798E2F5002F3B09 /* FeedViewModel.swift in Sources */ = {isa = PBXBuildFile; fileRef = 1EBB2C892798E2F5002F3B09 /* FeedViewModel.swift */; };
		1EBB2C8C2798E3B8002F3B09 /* Tweet.swift in Sources */ = {isa = PBXBuildFile; fileRef = 1EBB2C8B2798E3B8002F3B09 /* Tweet.swift */; };
		1EBB2C8F2798ED6D002F3B09 /* ProfileViewModel.swift in Sources */ = {isa = PBXBuildFile; fileRef = 1EBB2C8E2798ED6D002F3B09 /* ProfileViewModel.swift */; };
		1EBB2C932798F2A0002F3B09 /* TweetRowViewModel.swift in Sources */ = {isa = PBXBuildFile; fileRef = 1EBB2C922798F2A0002F3B09 /* TweetRowViewModel.swift */; };
		1ED03F282794D3E500E62892 /* NewTweetView.swift in Sources */ = {isa = PBXBuildFile; fileRef = 1ED03F272794D3E500E62892 /* NewTweetView.swift */; };
		1ED03F2A2794D4D500E62892 /* TextArea.swift in Sources */ = {isa = PBXBuildFile; fileRef = 1ED03F292794D4D500E62892 /* TextArea.swift */; };
		1ED03F2F2794D77C00E62892 /* LoginView.swift in Sources */ = {isa = PBXBuildFile; fileRef = 1ED03F2E2794D77C00E62892 /* LoginView.swift */; };
		1ED03F312794D78600E62892 /* RegistrationView.swift in Sources */ = {isa = PBXBuildFile; fileRef = 1ED03F302794D78600E62892 /* RegistrationView.swift */; };
		1ED03F332794D8B500E62892 /* RoundedShape.swift in Sources */ = {isa = PBXBuildFile; fileRef = 1ED03F322794D8B500E62892 /* RoundedShape.swift */; };
		1ED03F352794DCC000E62892 /* CustomInputField.swift in Sources */ = {isa = PBXBuildFile; fileRef = 1ED03F342794DCC000E62892 /* CustomInputField.swift */; };
		1ED03F382794DE5A00E62892 /* AuthHeaderView.swift in Sources */ = {isa = PBXBuildFile; fileRef = 1ED03F372794DE5A00E62892 /* AuthHeaderView.swift */; };
		1ED03F3A2794E20E00E62892 /* GoogleService-Info.plist in Resources */ = {isa = PBXBuildFile; fileRef = 1ED03F392794E20E00E62892 /* GoogleService-Info.plist */; };
		1ED03F3D2794E39600E62892 /* FirebaseAuth in Frameworks */ = {isa = PBXBuildFile; productRef = 1ED03F3C2794E39600E62892 /* FirebaseAuth */; };
		1ED03F3F2794E39600E62892 /* FirebaseFirestore in Frameworks */ = {isa = PBXBuildFile; productRef = 1ED03F3E2794E39600E62892 /* FirebaseFirestore */; };
		1ED03F412794E39600E62892 /* FirebaseFirestoreSwift-Beta in Frameworks */ = {isa = PBXBuildFile; productRef = 1ED03F402794E39600E62892 /* FirebaseFirestoreSwift-Beta */; };
		1ED03F432794E39600E62892 /* FirebaseStorage in Frameworks */ = {isa = PBXBuildFile; productRef = 1ED03F422794E39600E62892 /* FirebaseStorage */; };
		1ED03F452794E50500E62892 /* AuthViewModel.swift in Sources */ = {isa = PBXBuildFile; fileRef = 1ED03F442794E50500E62892 /* AuthViewModel.swift */; };
/* End PBXBuildFile section */

/* Begin PBXFileReference section */
		1E2F260927963703001634B9 /* ProfilePhotoSelectorView.swift */ = {isa = PBXFileReference; lastKnownFileType = sourcecode.swift; path = ProfilePhotoSelectorView.swift; sourceTree = "<group>"; };
		1E3489D827970395007F1CC1 /* ImagePicker.swift */ = {isa = PBXFileReference; lastKnownFileType = sourcecode.swift; path = ImagePicker.swift; sourceTree = "<group>"; };
		1E3489DA27970D83007F1CC1 /* ImageUploader.swift */ = {isa = PBXFileReference; lastKnownFileType = sourcecode.swift; path = ImageUploader.swift; sourceTree = "<group>"; };
		1E492228279268A6006FD6E3 /* TwitterSwiftUI.app */ = {isa = PBXFileReference; explicitFileType = wrapper.application; includeInIndex = 0; path = TwitterSwiftUI.app; sourceTree = BUILT_PRODUCTS_DIR; };
		1E49222B279268A6006FD6E3 /* TwitterSwiftUIApp.swift */ = {isa = PBXFileReference; lastKnownFileType = sourcecode.swift; path = TwitterSwiftUIApp.swift; sourceTree = "<group>"; };
		1E49222D279268A6006FD6E3 /* ContentView.swift */ = {isa = PBXFileReference; lastKnownFileType = sourcecode.swift; path = ContentView.swift; sourceTree = "<group>"; };
		1E49222F279268A8006FD6E3 /* Assets.xcassets */ = {isa = PBXFileReference; lastKnownFileType = folder.assetcatalog; path = Assets.xcassets; sourceTree = "<group>"; };
		1E492232279268A8006FD6E3 /* Preview Assets.xcassets */ = {isa = PBXFileReference; lastKnownFileType = folder.assetcatalog; path = "Preview Assets.xcassets"; sourceTree = "<group>"; };
		1E49224127926A1B006FD6E3 /* FeedView.swift */ = {isa = PBXFileReference; lastKnownFileType = sourcecode.swift; path = FeedView.swift; sourceTree = "<group>"; };
		1E49224427926ACC006FD6E3 /* TweetRowView.swift */ = {isa = PBXFileReference; lastKnownFileType = sourcecode.swift; path = TweetRowView.swift; sourceTree = "<group>"; };
		1E49224727926E84006FD6E3 /* MainTabView.swift */ = {isa = PBXFileReference; lastKnownFileType = sourcecode.swift; path = MainTabView.swift; sourceTree = "<group>"; };
		1E49224D27926F37006FD6E3 /* ExploreView.swift */ = {isa = PBXFileReference; lastKnownFileType = sourcecode.swift; path = ExploreView.swift; sourceTree = "<group>"; };
		1E49224F27926F48006FD6E3 /* NotificationsView.swift */ = {isa = PBXFileReference; lastKnownFileType = sourcecode.swift; path = NotificationsView.swift; sourceTree = "<group>"; };
		1E49225127926F62006FD6E3 /* MessagesView.swift */ = {isa = PBXFileReference; lastKnownFileType = sourcecode.swift; path = MessagesView.swift; sourceTree = "<group>"; };
		1E4922552792708C006FD6E3 /* ProfileView.swift */ = {isa = PBXFileReference; lastKnownFileType = sourcecode.swift; path = ProfileView.swift; sourceTree = "<group>"; };
		1E49225727927540006FD6E3 /* TweetFilterViewModel.swift */ = {isa = PBXFileReference; lastKnownFileType = sourcecode.swift; path = TweetFilterViewModel.swift; sourceTree = "<group>"; };
		1E49225C27929EAF006FD6E3 /* UserRowView.swift */ = {isa = PBXFileReference; lastKnownFileType = sourcecode.swift; path = UserRowView.swift; sourceTree = "<group>"; };
		1E4922612792A0BC006FD6E3 /* SideMenuView.swift */ = {isa = PBXFileReference; lastKnownFileType = sourcecode.swift; path = SideMenuView.swift; sourceTree = "<group>"; };
		1E4922632792A0D0006FD6E3 /* SideMenuRowView.swift */ = {isa = PBXFileReference; lastKnownFileType = sourcecode.swift; path = SideMenuRowView.swift; sourceTree = "<group>"; };
		1E4922652792A0E2006FD6E3 /* SideMenuViewmodel.swift */ = {isa = PBXFileReference; lastKnownFileType = sourcecode.swift; path = SideMenuViewmodel.swift; sourceTree = "<group>"; };
		1E4922672792A214006FD6E3 /* UserStatsView.swift */ = {isa = PBXFileReference; lastKnownFileType = sourcecode.swift; path = UserStatsView.swift; sourceTree = "<group>"; };
		1E4922692792A8BA006FD6E3 /* SideMenuOptionRowView.swift */ = {isa = PBXFileReference; lastKnownFileType = sourcecode.swift; path = SideMenuOptionRowView.swift; sourceTree = "<group>"; };
		1E8D638B27976BF400DB7CC9 /* UserService.swift */ = {isa = PBXFileReference; lastKnownFileType = sourcecode.swift; path = UserService.swift; sourceTree = "<group>"; };
		1E8D638D27976D4B00DB7CC9 /* User.swift */ = {isa = PBXFileReference; lastKnownFileType = sourcecode.swift; path = User.swift; sourceTree = "<group>"; };
		1E8D639227977F9500DB7CC9 /* ExploreViewModel.swift */ = {isa = PBXFileReference; lastKnownFileType = sourcecode.swift; path = ExploreViewModel.swift; sourceTree = "<group>"; };
		1E8D63942797836400DB7CC9 /* SearchBar.swift */ = {isa = PBXFileReference; lastKnownFileType = sourcecode.swift; path = SearchBar.swift; sourceTree = "<group>"; };
		1E8D6396279787C000DB7CC9 /* TweetService.swift */ = {isa = PBXFileReference; lastKnownFileType = sourcecode.swift; path = TweetService.swift; sourceTree = "<group>"; };
		1E8D6398279788EF00DB7CC9 /* UploadTweetViewModel.swift */ = {isa = PBXFileReference; lastKnownFileType = sourcecode.swift; path = UploadTweetViewModel.swift; sourceTree = "<group>"; };
		1EBB2C892798E2F5002F3B09 /* FeedViewModel.swift */ = {isa = PBXFileReference; lastKnownFileType = sourcecode.swift; path = FeedViewModel.swift; sourceTree = "<group>"; };
		1EBB2C8B2798E3B8002F3B09 /* Tweet.swift */ = {isa = PBXFileReference; lastKnownFileType = sourcecode.swift; path = Tweet.swift; sourceTree = "<group>"; };
		1EBB2C8E2798ED6D002F3B09 /* ProfileViewModel.swift */ = {isa = PBXFileReference; lastKnownFileType = sourcecode.swift; path = ProfileViewModel.swift; sourceTree = "<group>"; };
		1EBB2C922798F2A0002F3B09 /* TweetRowViewModel.swift */ = {isa = PBXFileReference; lastKnownFileType = sourcecode.swift; path = TweetRowViewModel.swift; sourceTree = "<group>"; };
		1ED03F272794D3E500E62892 /* NewTweetView.swift */ = {isa = PBXFileReference; lastKnownFileType = sourcecode.swift; path = NewTweetView.swift; sourceTree = "<group>"; };
		1ED03F292794D4D500E62892 /* TextArea.swift */ = {isa = PBXFileReference; lastKnownFileType = sourcecode.swift; path = TextArea.swift; sourceTree = "<group>"; };
		1ED03F2E2794D77C00E62892 /* LoginView.swift */ = {isa = PBXFileReference; lastKnownFileType = sourcecode.swift; path = LoginView.swift; sourceTree = "<group>"; };
		1ED03F302794D78600E62892 /* RegistrationView.swift */ = {isa = PBXFileReference; lastKnownFileType = sourcecode.swift; path = RegistrationView.swift; sourceTree = "<group>"; };
		1ED03F322794D8B500E62892 /* RoundedShape.swift */ = {isa = PBXFileReference; lastKnownFileType = sourcecode.swift; path = RoundedShape.swift; sourceTree = "<group>"; };
		1ED03F342794DCC000E62892 /* CustomInputField.swift */ = {isa = PBXFileReference; lastKnownFileType = sourcecode.swift; path = CustomInputField.swift; sourceTree = "<group>"; };
		1ED03F372794DE5A00E62892 /* AuthHeaderView.swift */ = {isa = PBXFileReference; lastKnownFileType = sourcecode.swift; path = AuthHeaderView.swift; sourceTree = "<group>"; };
		1ED03F392794E20E00E62892 /* GoogleService-Info.plist */ = {isa = PBXFileReference; fileEncoding = 4; lastKnownFileType = text.plist.xml; path = "GoogleService-Info.plist"; sourceTree = "<group>"; };
		1ED03F442794E50500E62892 /* AuthViewModel.swift */ = {isa = PBXFileReference; lastKnownFileType = sourcecode.swift; path = AuthViewModel.swift; sourceTree = "<group>"; };
/* End PBXFileReference section */

/* Begin PBXFrameworksBuildPhase section */
		1E492225279268A6006FD6E3 /* Frameworks */ = {
			isa = PBXFrameworksBuildPhase;
			buildActionMask = 2147483647;
			files = (
				1ED03F412794E39600E62892 /* FirebaseFirestoreSwift-Beta in Frameworks */,
				1ED03F432794E39600E62892 /* FirebaseStorage in Frameworks */,
				1ED03F3D2794E39600E62892 /* FirebaseAuth in Frameworks */,
				1ED03F3F2794E39600E62892 /* FirebaseFirestore in Frameworks */,
				1E8D63912797731900DB7CC9 /* Kingfisher in Frameworks */,
			);
			runOnlyForDeploymentPostprocessing = 0;
		};
/* End PBXFrameworksBuildPhase section */

/* Begin PBXGroup section */
		1E3489D727970382007F1CC1 /* Utils */ = {
			isa = PBXGroup;
			children = (
				1E3489D827970395007F1CC1 /* ImagePicker.swift */,
			);
			path = Utils;
			sourceTree = "<group>";
		};
		1E49221F279268A6006FD6E3 = {
			isa = PBXGroup;
			children = (
				1E49222A279268A6006FD6E3 /* TwitterSwiftUI */,
				1E492229279268A6006FD6E3 /* Products */,
			);
			sourceTree = "<group>";
		};
		1E492229279268A6006FD6E3 /* Products */ = {
			isa = PBXGroup;
			children = (
				1E492228279268A6006FD6E3 /* TwitterSwiftUI.app */,
			);
			name = Products;
			sourceTree = "<group>";
		};
		1E49222A279268A6006FD6E3 /* TwitterSwiftUI */ = {
			isa = PBXGroup;
			children = (
				1E3489D727970382007F1CC1 /* Utils */,
				1E49223C27926993006FD6E3 /* Extensions */,
				1E49223B2792698F006FD6E3 /* Model */,
				1E49223A2792698D006FD6E3 /* Service */,
				1E49223927926982006FD6E3 /* Core */,
				1E49222B279268A6006FD6E3 /* TwitterSwiftUIApp.swift */,
				1E49222D279268A6006FD6E3 /* ContentView.swift */,
				1E49222F279268A8006FD6E3 /* Assets.xcassets */,
				1ED03F392794E20E00E62892 /* GoogleService-Info.plist */,
				1E492231279268A8006FD6E3 /* Preview Content */,
			);
			path = TwitterSwiftUI;
			sourceTree = "<group>";
		};
		1E492231279268A8006FD6E3 /* Preview Content */ = {
			isa = PBXGroup;
			children = (
				1E492232279268A8006FD6E3 /* Preview Assets.xcassets */,
			);
			path = "Preview Content";
			sourceTree = "<group>";
		};
		1E49223927926982006FD6E3 /* Core */ = {
			isa = PBXGroup;
			children = (
				1E49223D279269A5006FD6E3 /* Components */,
				1ED03F2B2794D76100E62892 /* Authentication */,
				1ED03F222794D3B300E62892 /* UploadTweet */,
				1E49225E2792A080006FD6E3 /* SideMenu */,
				1E49224C27926F1A006FD6E3 /* Profile */,
				1E49224B27926F03006FD6E3 /* Explore */,
				1E49224A27926F00006FD6E3 /* Notifications */,
				1E49224927926EFE006FD6E3 /* Messages */,
				1E49224627926E71006FD6E3 /* MainTab */,
				1E49223E279269AF006FD6E3 /* Feed */,
			);
			path = Core;
			sourceTree = "<group>";
		};
		1E49223A2792698D006FD6E3 /* Service */ = {
			isa = PBXGroup;
			children = (
				1E3489DA27970D83007F1CC1 /* ImageUploader.swift */,
				1E8D638B27976BF400DB7CC9 /* UserService.swift */,
				1E8D6396279787C000DB7CC9 /* TweetService.swift */,
			);
			path = Service;
			sourceTree = "<group>";
		};
		1E49223B2792698F006FD6E3 /* Model */ = {
			isa = PBXGroup;
			children = (
				1E8D638D27976D4B00DB7CC9 /* User.swift */,
				1EBB2C8B2798E3B8002F3B09 /* Tweet.swift */,
			);
			path = Model;
			sourceTree = "<group>";
		};
		1E49223C27926993006FD6E3 /* Extensions */ = {
			isa = PBXGroup;
			children = (
			);
			path = Extensions;
			sourceTree = "<group>";
		};
		1E49223D279269A5006FD6E3 /* Components */ = {
			isa = PBXGroup;
			children = (
				1ED03F362794DE3F00E62892 /* Authentication */,
				1E49225B27929E87006FD6E3 /* Users */,
				1E49224327926A95006FD6E3 /* Tweets */,
				1ED03F292794D4D500E62892 /* TextArea.swift */,
				1ED03F322794D8B500E62892 /* RoundedShape.swift */,
				1ED03F342794DCC000E62892 /* CustomInputField.swift */,
				1E8D63942797836400DB7CC9 /* SearchBar.swift */,
			);
			path = Components;
			sourceTree = "<group>";
		};
		1E49223E279269AF006FD6E3 /* Feed */ = {
			isa = PBXGroup;
			children = (
				1E49223F279269EE006FD6E3 /* ViewModels */,
				1E492240279269F6006FD6E3 /* View */,
			);
			path = Feed;
			sourceTree = "<group>";
		};
		1E49223F279269EE006FD6E3 /* ViewModels */ = {
			isa = PBXGroup;
			children = (
				1EBB2C892798E2F5002F3B09 /* FeedViewModel.swift */,
			);
			path = ViewModels;
			sourceTree = "<group>";
		};
		1E492240279269F6006FD6E3 /* View */ = {
			isa = PBXGroup;
			children = (
				1E49224127926A1B006FD6E3 /* FeedView.swift */,
			);
			path = View;
			sourceTree = "<group>";
		};
		1E49224327926A95006FD6E3 /* Tweets */ = {
			isa = PBXGroup;
			children = (
				1EBB2C912798F284002F3B09 /* ViewModel */,
				1EBB2C902798F27A002F3B09 /* Views */,
			);
			path = Tweets;
			sourceTree = "<group>";
		};
		1E49224627926E71006FD6E3 /* MainTab */ = {
			isa = PBXGroup;
			children = (
				1E49224727926E84006FD6E3 /* MainTabView.swift */,
			);
			path = MainTab;
			sourceTree = "<group>";
		};
		1E49224927926EFE006FD6E3 /* Messages */ = {
			isa = PBXGroup;
			children = (
				1E49225127926F62006FD6E3 /* MessagesView.swift */,
			);
			path = Messages;
			sourceTree = "<group>";
		};
		1E49224A27926F00006FD6E3 /* Notifications */ = {
			isa = PBXGroup;
			children = (
				1E49224F27926F48006FD6E3 /* NotificationsView.swift */,
			);
			path = Notifications;
			sourceTree = "<group>";
		};
		1E49224B27926F03006FD6E3 /* Explore */ = {
			isa = PBXGroup;
			children = (
				1E49225A2792785C006FD6E3 /* ViewModels */,
				1E49225927927859006FD6E3 /* Views */,
			);
			path = Explore;
			sourceTree = "<group>";
		};
		1E49224C27926F1A006FD6E3 /* Profile */ = {
			isa = PBXGroup;
			children = (
				1E4922542792707D006FD6E3 /* ViewModels */,
				1E4922532792707B006FD6E3 /* Views */,
			);
			path = Profile;
			sourceTree = "<group>";
		};
		1E4922532792707B006FD6E3 /* Views */ = {
			isa = PBXGroup;
			children = (
				1E4922552792708C006FD6E3 /* ProfileView.swift */,
			);
			path = Views;
			sourceTree = "<group>";
		};
		1E4922542792707D006FD6E3 /* ViewModels */ = {
			isa = PBXGroup;
			children = (
				1E49225727927540006FD6E3 /* TweetFilterViewModel.swift */,
				1EBB2C8E2798ED6D002F3B09 /* ProfileViewModel.swift */,
			);
			path = ViewModels;
			sourceTree = "<group>";
		};
		1E49225927927859006FD6E3 /* Views */ = {
			isa = PBXGroup;
			children = (
				1E49224D27926F37006FD6E3 /* ExploreView.swift */,
			);
			path = Views;
			sourceTree = "<group>";
		};
		1E49225A2792785C006FD6E3 /* ViewModels */ = {
			isa = PBXGroup;
			children = (
				1E8D639227977F9500DB7CC9 /* ExploreViewModel.swift */,
			);
			path = ViewModels;
			sourceTree = "<group>";
		};
		1E49225B27929E87006FD6E3 /* Users */ = {
			isa = PBXGroup;
			children = (
				1E49225C27929EAF006FD6E3 /* UserRowView.swift */,
				1E4922672792A214006FD6E3 /* UserStatsView.swift */,
			);
			path = Users;
			sourceTree = "<group>";
		};
		1E49225E2792A080006FD6E3 /* SideMenu */ = {
			isa = PBXGroup;
			children = (
				1E4922602792A093006FD6E3 /* ViewModels */,
				1E49225F2792A08C006FD6E3 /* Views */,
			);
			path = SideMenu;
			sourceTree = "<group>";
		};
		1E49225F2792A08C006FD6E3 /* Views */ = {
			isa = PBXGroup;
			children = (
				1E4922612792A0BC006FD6E3 /* SideMenuView.swift */,
				1E4922632792A0D0006FD6E3 /* SideMenuRowView.swift */,
				1E4922692792A8BA006FD6E3 /* SideMenuOptionRowView.swift */,
			);
			path = Views;
			sourceTree = "<group>";
		};
		1E4922602792A093006FD6E3 /* ViewModels */ = {
			isa = PBXGroup;
			children = (
				1E4922652792A0E2006FD6E3 /* SideMenuViewmodel.swift */,
			);
			path = ViewModels;
			sourceTree = "<group>";
		};
		1EBB2C902798F27A002F3B09 /* Views */ = {
			isa = PBXGroup;
			children = (
				1E49224427926ACC006FD6E3 /* TweetRowView.swift */,
			);
			path = Views;
			sourceTree = "<group>";
		};
		1EBB2C912798F284002F3B09 /* ViewModel */ = {
			isa = PBXGroup;
			children = (
				1EBB2C922798F2A0002F3B09 /* TweetRowViewModel.swift */,
			);
			path = ViewModel;
			sourceTree = "<group>";
		};
		1ED03F222794D3B300E62892 /* UploadTweet */ = {
			isa = PBXGroup;
			children = (
				1ED03F262794D3D800E62892 /* ViewModels */,
				1ED03F252794D3D300E62892 /* Views */,
			);
			path = UploadTweet;
			sourceTree = "<group>";
		};
		1ED03F252794D3D300E62892 /* Views */ = {
			isa = PBXGroup;
			children = (
				1ED03F272794D3E500E62892 /* NewTweetView.swift */,
			);
			path = Views;
			sourceTree = "<group>";
		};
		1ED03F262794D3D800E62892 /* ViewModels */ = {
			isa = PBXGroup;
			children = (
				1E8D6398279788EF00DB7CC9 /* UploadTweetViewModel.swift */,
			);
			path = ViewModels;
			sourceTree = "<group>";
		};
		1ED03F2B2794D76100E62892 /* Authentication */ = {
			isa = PBXGroup;
			children = (
				1ED03F2D2794D76F00E62892 /* ViewModels */,
				1ED03F2C2794D76900E62892 /* Views */,
			);
			path = Authentication;
			sourceTree = "<group>";
		};
		1ED03F2C2794D76900E62892 /* Views */ = {
			isa = PBXGroup;
			children = (
				1ED03F2E2794D77C00E62892 /* LoginView.swift */,
				1ED03F302794D78600E62892 /* RegistrationView.swift */,
				1E2F260927963703001634B9 /* ProfilePhotoSelectorView.swift */,
			);
			path = Views;
			sourceTree = "<group>";
		};
		1ED03F2D2794D76F00E62892 /* ViewModels */ = {
			isa = PBXGroup;
			children = (
				1ED03F442794E50500E62892 /* AuthViewModel.swift */,
			);
			path = ViewModels;
			sourceTree = "<group>";
		};
		1ED03F362794DE3F00E62892 /* Authentication */ = {
			isa = PBXGroup;
			children = (
				1ED03F372794DE5A00E62892 /* AuthHeaderView.swift */,
			);
			path = Authentication;
			sourceTree = "<group>";
		};
/* End PBXGroup section */

/* Begin PBXNativeTarget section */
		1E492227279268A6006FD6E3 /* TwitterSwiftUI */ = {
			isa = PBXNativeTarget;
			buildConfigurationList = 1E492236279268A8006FD6E3 /* Build configuration list for PBXNativeTarget "TwitterSwiftUI" */;
			buildPhases = (
				1E492224279268A6006FD6E3 /* Sources */,
				1E492225279268A6006FD6E3 /* Frameworks */,
				1E492226279268A6006FD6E3 /* Resources */,
			);
			buildRules = (
			);
			dependencies = (
			);
			name = TwitterSwiftUI;
			packageProductDependencies = (
				1ED03F3C2794E39600E62892 /* FirebaseAuth */,
				1ED03F3E2794E39600E62892 /* FirebaseFirestore */,
				1ED03F402794E39600E62892 /* FirebaseFirestoreSwift-Beta */,
				1ED03F422794E39600E62892 /* FirebaseStorage */,
				1E8D63902797731900DB7CC9 /* Kingfisher */,
			);
			productName = TwitterSwiftUI;
			productReference = 1E492228279268A6006FD6E3 /* TwitterSwiftUI.app */;
			productType = "com.apple.product-type.application";
		};
/* End PBXNativeTarget section */

/* Begin PBXProject section */
		1E492220279268A6006FD6E3 /* Project object */ = {
			isa = PBXProject;
			attributes = {
				BuildIndependentTargetsInParallel = 1;
				LastSwiftUpdateCheck = 1320;
				LastUpgradeCheck = 1320;
				TargetAttributes = {
					1E492227279268A6006FD6E3 = {
						CreatedOnToolsVersion = 13.2.1;
					};
				};
			};
			buildConfigurationList = 1E492223279268A6006FD6E3 /* Build configuration list for PBXProject "TwitterSwiftUI" */;
			compatibilityVersion = "Xcode 13.0";
			developmentRegion = en;
			hasScannedForEncodings = 0;
			knownRegions = (
				en,
				Base,
			);
			mainGroup = 1E49221F279268A6006FD6E3;
			packageReferences = (
				1ED03F3B2794E39600E62892 /* XCRemoteSwiftPackageReference "firebase-ios-sdk" */,
				1E8D638F2797731900DB7CC9 /* XCRemoteSwiftPackageReference "Kingfisher" */,
			);
			productRefGroup = 1E492229279268A6006FD6E3 /* Products */;
			projectDirPath = "";
			projectRoot = "";
			targets = (
				1E492227279268A6006FD6E3 /* TwitterSwiftUI */,
			);
		};
/* End PBXProject section */

/* Begin PBXResourcesBuildPhase section */
		1E492226279268A6006FD6E3 /* Resources */ = {
			isa = PBXResourcesBuildPhase;
			buildActionMask = 2147483647;
			files = (
				1E492233279268A8006FD6E3 /* Preview Assets.xcassets in Resources */,
				1E492230279268A8006FD6E3 /* Assets.xcassets in Resources */,
				1ED03F3A2794E20E00E62892 /* GoogleService-Info.plist in Resources */,
			);
			runOnlyForDeploymentPostprocessing = 0;
		};
/* End PBXResourcesBuildPhase section */

/* Begin PBXSourcesBuildPhase section */
		1E492224279268A6006FD6E3 /* Sources */ = {
			isa = PBXSourcesBuildPhase;
			buildActionMask = 2147483647;
			files = (
				1E8D638C27976BF400DB7CC9 /* UserService.swift in Sources */,
				1E49225227926F62006FD6E3 /* MessagesView.swift in Sources */,
				1E4922562792708C006FD6E3 /* ProfileView.swift in Sources */,
				1E49222E279268A6006FD6E3 /* ContentView.swift in Sources */,
				1E4922642792A0D0006FD6E3 /* SideMenuRowView.swift in Sources */,
				1E49224527926ACC006FD6E3 /* TweetRowView.swift in Sources */,
				1E8D63952797836400DB7CC9 /* SearchBar.swift in Sources */,
				1E8D6397279787C000DB7CC9 /* TweetService.swift in Sources */,
				1E8D639327977F9500DB7CC9 /* ExploreViewModel.swift in Sources */,
				1E49225827927540006FD6E3 /* TweetFilterViewModel.swift in Sources */,
				1ED03F352794DCC000E62892 /* CustomInputField.swift in Sources */,
				1EBB2C932798F2A0002F3B09 /* TweetRowViewModel.swift in Sources */,
				1E8D638E27976D4B00DB7CC9 /* User.swift in Sources */,
				1E4922662792A0E2006FD6E3 /* SideMenuViewmodel.swift in Sources */,
				1ED03F2A2794D4D500E62892 /* TextArea.swift in Sources */,
				1E8D6399279788EF00DB7CC9 /* UploadTweetViewModel.swift in Sources */,
				1E49224227926A1B006FD6E3 /* FeedView.swift in Sources */,
				1E4922622792A0BC006FD6E3 /* SideMenuView.swift in Sources */,
				1ED03F282794D3E500E62892 /* NewTweetView.swift in Sources */,
				1EBB2C8A2798E2F5002F3B09 /* FeedViewModel.swift in Sources */,
				1E49222C279268A6006FD6E3 /* TwitterSwiftUIApp.swift in Sources */,
				1E3489D927970395007F1CC1 /* ImagePicker.swift in Sources */,
				1E49224E27926F37006FD6E3 /* ExploreView.swift in Sources */,
				1E2F260A27963703001634B9 /* ProfilePhotoSelectorView.swift in Sources */,
				1E49225D27929EAF006FD6E3 /* UserRowView.swift in Sources */,
				1ED03F332794D8B500E62892 /* RoundedShape.swift in Sources */,
				1E49226A2792A8BA006FD6E3 /* SideMenuOptionRowView.swift in Sources */,
				1E49224827926E84006FD6E3 /* MainTabView.swift in Sources */,
				1ED03F2F2794D77C00E62892 /* LoginView.swift in Sources */,
				1E49225027926F48006FD6E3 /* NotificationsView.swift in Sources */,
				1ED03F452794E50500E62892 /* AuthViewModel.swift in Sources */,
				1EBB2C8F2798ED6D002F3B09 /* ProfileViewModel.swift in Sources */,
				1E3489DB27970D83007F1CC1 /* ImageUploader.swift in Sources */,
				1EBB2C8C2798E3B8002F3B09 /* Tweet.swift in Sources */,
				1ED03F382794DE5A00E62892 /* AuthHeaderView.swift in Sources */,
				1E4922682792A214006FD6E3 /* UserStatsView.swift in Sources */,
				1ED03F312794D78600E62892 /* RegistrationView.swift in Sources */,
			);
			runOnlyForDeploymentPostprocessing = 0;
		};
/* End PBXSourcesBuildPhase section */

/* Begin XCBuildConfiguration section */
		1E492234279268A8006FD6E3 /* Debug */ = {
			isa = XCBuildConfiguration;
			buildSettings = {
				ALWAYS_SEARCH_USER_PATHS = NO;
				CLANG_ANALYZER_NONNULL = YES;
				CLANG_ANALYZER_NUMBER_OBJECT_CONVERSION = YES_AGGRESSIVE;
				CLANG_CXX_LANGUAGE_STANDARD = "gnu++17";
				CLANG_CXX_LIBRARY = "libc++";
				CLANG_ENABLE_MODULES = YES;
				CLANG_ENABLE_OBJC_ARC = YES;
				CLANG_ENABLE_OBJC_WEAK = YES;
				CLANG_WARN_BLOCK_CAPTURE_AUTORELEASING = YES;
				CLANG_WARN_BOOL_CONVERSION = YES;
				CLANG_WARN_COMMA = YES;
				CLANG_WARN_CONSTANT_CONVERSION = YES;
				CLANG_WARN_DEPRECATED_OBJC_IMPLEMENTATIONS = YES;
				CLANG_WARN_DIRECT_OBJC_ISA_USAGE = YES_ERROR;
				CLANG_WARN_DOCUMENTATION_COMMENTS = YES;
				CLANG_WARN_EMPTY_BODY = YES;
				CLANG_WARN_ENUM_CONVERSION = YES;
				CLANG_WARN_INFINITE_RECURSION = YES;
				CLANG_WARN_INT_CONVERSION = YES;
				CLANG_WARN_NON_LITERAL_NULL_CONVERSION = YES;
				CLANG_WARN_OBJC_IMPLICIT_RETAIN_SELF = YES;
				CLANG_WARN_OBJC_LITERAL_CONVERSION = YES;
				CLANG_WARN_OBJC_ROOT_CLASS = YES_ERROR;
				CLANG_WARN_QUOTED_INCLUDE_IN_FRAMEWORK_HEADER = YES;
				CLANG_WARN_RANGE_LOOP_ANALYSIS = YES;
				CLANG_WARN_STRICT_PROTOTYPES = YES;
				CLANG_WARN_SUSPICIOUS_MOVE = YES;
				CLANG_WARN_UNGUARDED_AVAILABILITY = YES_AGGRESSIVE;
				CLANG_WARN_UNREACHABLE_CODE = YES;
				CLANG_WARN__DUPLICATE_METHOD_MATCH = YES;
				COPY_PHASE_STRIP = NO;
				DEBUG_INFORMATION_FORMAT = dwarf;
				ENABLE_STRICT_OBJC_MSGSEND = YES;
				ENABLE_TESTABILITY = YES;
				GCC_C_LANGUAGE_STANDARD = gnu11;
				GCC_DYNAMIC_NO_PIC = NO;
				GCC_NO_COMMON_BLOCKS = YES;
				GCC_OPTIMIZATION_LEVEL = 0;
				GCC_PREPROCESSOR_DEFINITIONS = (
					"DEBUG=1",
					"$(inherited)",
				);
				GCC_WARN_64_TO_32_BIT_CONVERSION = YES;
				GCC_WARN_ABOUT_RETURN_TYPE = YES_ERROR;
				GCC_WARN_UNDECLARED_SELECTOR = YES;
				GCC_WARN_UNINITIALIZED_AUTOS = YES_AGGRESSIVE;
				GCC_WARN_UNUSED_FUNCTION = YES;
				GCC_WARN_UNUSED_VARIABLE = YES;
				IPHONEOS_DEPLOYMENT_TARGET = 15.2;
				MTL_ENABLE_DEBUG_INFO = INCLUDE_SOURCE;
				MTL_FAST_MATH = YES;
				ONLY_ACTIVE_ARCH = YES;
				SDKROOT = iphoneos;
				SWIFT_ACTIVE_COMPILATION_CONDITIONS = DEBUG;
				SWIFT_OPTIMIZATION_LEVEL = "-Onone";
			};
			name = Debug;
		};
		1E492235279268A8006FD6E3 /* Release */ = {
			isa = XCBuildConfiguration;
			buildSettings = {
				ALWAYS_SEARCH_USER_PATHS = NO;
				CLANG_ANALYZER_NONNULL = YES;
				CLANG_ANALYZER_NUMBER_OBJECT_CONVERSION = YES_AGGRESSIVE;
				CLANG_CXX_LANGUAGE_STANDARD = "gnu++17";
				CLANG_CXX_LIBRARY = "libc++";
				CLANG_ENABLE_MODULES = YES;
				CLANG_ENABLE_OBJC_ARC = YES;
				CLANG_ENABLE_OBJC_WEAK = YES;
				CLANG_WARN_BLOCK_CAPTURE_AUTORELEASING = YES;
				CLANG_WARN_BOOL_CONVERSION = YES;
				CLANG_WARN_COMMA = YES;
				CLANG_WARN_CONSTANT_CONVERSION = YES;
				CLANG_WARN_DEPRECATED_OBJC_IMPLEMENTATIONS = YES;
				CLANG_WARN_DIRECT_OBJC_ISA_USAGE = YES_ERROR;
				CLANG_WARN_DOCUMENTATION_COMMENTS = YES;
				CLANG_WARN_EMPTY_BODY = YES;
				CLANG_WARN_ENUM_CONVERSION = YES;
				CLANG_WARN_INFINITE_RECURSION = YES;
				CLANG_WARN_INT_CONVERSION = YES;
				CLANG_WARN_NON_LITERAL_NULL_CONVERSION = YES;
				CLANG_WARN_OBJC_IMPLICIT_RETAIN_SELF = YES;
				CLANG_WARN_OBJC_LITERAL_CONVERSION = YES;
				CLANG_WARN_OBJC_ROOT_CLASS = YES_ERROR;
				CLANG_WARN_QUOTED_INCLUDE_IN_FRAMEWORK_HEADER = YES;
				CLANG_WARN_RANGE_LOOP_ANALYSIS = YES;
				CLANG_WARN_STRICT_PROTOTYPES = YES;
				CLANG_WARN_SUSPICIOUS_MOVE = YES;
				CLANG_WARN_UNGUARDED_AVAILABILITY = YES_AGGRESSIVE;
				CLANG_WARN_UNREACHABLE_CODE = YES;
				CLANG_WARN__DUPLICATE_METHOD_MATCH = YES;
				COPY_PHASE_STRIP = NO;
				DEBUG_INFORMATION_FORMAT = "dwarf-with-dsym";
				ENABLE_NS_ASSERTIONS = NO;
				ENABLE_STRICT_OBJC_MSGSEND = YES;
				GCC_C_LANGUAGE_STANDARD = gnu11;
				GCC_NO_COMMON_BLOCKS = YES;
				GCC_WARN_64_TO_32_BIT_CONVERSION = YES;
				GCC_WARN_ABOUT_RETURN_TYPE = YES_ERROR;
				GCC_WARN_UNDECLARED_SELECTOR = YES;
				GCC_WARN_UNINITIALIZED_AUTOS = YES_AGGRESSIVE;
				GCC_WARN_UNUSED_FUNCTION = YES;
				GCC_WARN_UNUSED_VARIABLE = YES;
				IPHONEOS_DEPLOYMENT_TARGET = 15.2;
				MTL_ENABLE_DEBUG_INFO = NO;
				MTL_FAST_MATH = YES;
				SDKROOT = iphoneos;
				SWIFT_COMPILATION_MODE = wholemodule;
				SWIFT_OPTIMIZATION_LEVEL = "-O";
				VALIDATE_PRODUCT = YES;
			};
			name = Release;
		};
		1E492237279268A8006FD6E3 /* Debug */ = {
			isa = XCBuildConfiguration;
			buildSettings = {
				ASSETCATALOG_COMPILER_APPICON_NAME = AppIcon;
				ASSETCATALOG_COMPILER_GLOBAL_ACCENT_COLOR_NAME = AccentColor;
				CODE_SIGN_STYLE = Automatic;
				CURRENT_PROJECT_VERSION = 1;
				DEVELOPMENT_ASSET_PATHS = "\"TwitterSwiftUI/Preview Content\"";
				DEVELOPMENT_TEAM = 4FTFKXF8N5;
				ENABLE_PREVIEWS = YES;
				GENERATE_INFOPLIST_FILE = YES;
				INFOPLIST_KEY_UIApplicationSceneManifest_Generation = YES;
				INFOPLIST_KEY_UIApplicationSupportsIndirectInputEvents = YES;
				INFOPLIST_KEY_UILaunchScreen_Generation = YES;
				INFOPLIST_KEY_UISupportedInterfaceOrientations_iPad = "UIInterfaceOrientationPortrait UIInterfaceOrientationPortraitUpsideDown UIInterfaceOrientationLandscapeLeft UIInterfaceOrientationLandscapeRight";
				INFOPLIST_KEY_UISupportedInterfaceOrientations_iPhone = "UIInterfaceOrientationPortrait UIInterfaceOrientationLandscapeLeft UIInterfaceOrientationLandscapeRight";
				LD_RUNPATH_SEARCH_PATHS = (
					"$(inherited)",
					"@executable_path/Frameworks",
				);
				MARKETING_VERSION = 1.0;
				PRODUCT_BUNDLE_IDENTIFIER = com.jeongminkim.TwitterSwiftUI;
				PRODUCT_NAME = "$(TARGET_NAME)";
				SWIFT_EMIT_LOC_STRINGS = YES;
				SWIFT_VERSION = 5.0;
				TARGETED_DEVICE_FAMILY = "1,2";
			};
			name = Debug;
		};
		1E492238279268A8006FD6E3 /* Release */ = {
			isa = XCBuildConfiguration;
			buildSettings = {
				ASSETCATALOG_COMPILER_APPICON_NAME = AppIcon;
				ASSETCATALOG_COMPILER_GLOBAL_ACCENT_COLOR_NAME = AccentColor;
				CODE_SIGN_STYLE = Automatic;
				CURRENT_PROJECT_VERSION = 1;
				DEVELOPMENT_ASSET_PATHS = "\"TwitterSwiftUI/Preview Content\"";
				DEVELOPMENT_TEAM = 4FTFKXF8N5;
				ENABLE_PREVIEWS = YES;
				GENERATE_INFOPLIST_FILE = YES;
				INFOPLIST_KEY_UIApplicationSceneManifest_Generation = YES;
				INFOPLIST_KEY_UIApplicationSupportsIndirectInputEvents = YES;
				INFOPLIST_KEY_UILaunchScreen_Generation = YES;
				INFOPLIST_KEY_UISupportedInterfaceOrientations_iPad = "UIInterfaceOrientationPortrait UIInterfaceOrientationPortraitUpsideDown UIInterfaceOrientationLandscapeLeft UIInterfaceOrientationLandscapeRight";
				INFOPLIST_KEY_UISupportedInterfaceOrientations_iPhone = "UIInterfaceOrientationPortrait UIInterfaceOrientationLandscapeLeft UIInterfaceOrientationLandscapeRight";
				LD_RUNPATH_SEARCH_PATHS = (
					"$(inherited)",
					"@executable_path/Frameworks",
				);
				MARKETING_VERSION = 1.0;
				PRODUCT_BUNDLE_IDENTIFIER = com.jeongminkim.TwitterSwiftUI;
				PRODUCT_NAME = "$(TARGET_NAME)";
				SWIFT_EMIT_LOC_STRINGS = YES;
				SWIFT_VERSION = 5.0;
				TARGETED_DEVICE_FAMILY = "1,2";
			};
			name = Release;
		};
/* End XCBuildConfiguration section */

/* Begin XCConfigurationList section */
		1E492223279268A6006FD6E3 /* Build configuration list for PBXProject "TwitterSwiftUI" */ = {
			isa = XCConfigurationList;
			buildConfigurations = (
				1E492234279268A8006FD6E3 /* Debug */,
				1E492235279268A8006FD6E3 /* Release */,
			);
			defaultConfigurationIsVisible = 0;
			defaultConfigurationName = Release;
		};
		1E492236279268A8006FD6E3 /* Build configuration list for PBXNativeTarget "TwitterSwiftUI" */ = {
			isa = XCConfigurationList;
			buildConfigurations = (
				1E492237279268A8006FD6E3 /* Debug */,
				1E492238279268A8006FD6E3 /* Release */,
			);
			defaultConfigurationIsVisible = 0;
			defaultConfigurationName = Release;
		};
/* End XCConfigurationList section */

/* Begin XCRemoteSwiftPackageReference section */
		1E8D638F2797731900DB7CC9 /* XCRemoteSwiftPackageReference "Kingfisher" */ = {
			isa = XCRemoteSwiftPackageReference;
			repositoryURL = "https://github.com/onevcat/Kingfisher.git";
			requirement = {
				branch = master;
				kind = branch;
			};
		};
		1ED03F3B2794E39600E62892 /* XCRemoteSwiftPackageReference "firebase-ios-sdk" */ = {
			isa = XCRemoteSwiftPackageReference;
			repositoryURL = "https://github.com/firebase/firebase-ios-sdk";
			requirement = {
				kind = upToNextMajorVersion;
				minimumVersion = 8.0.0;
			};
		};
/* End XCRemoteSwiftPackageReference section */

/* Begin XCSwiftPackageProductDependency section */
		1E8D63902797731900DB7CC9 /* Kingfisher */ = {
			isa = XCSwiftPackageProductDependency;
			package = 1E8D638F2797731900DB7CC9 /* XCRemoteSwiftPackageReference "Kingfisher" */;
			productName = Kingfisher;
		};
		1ED03F3C2794E39600E62892 /* FirebaseAuth */ = {
			isa = XCSwiftPackageProductDependency;
			package = 1ED03F3B2794E39600E62892 /* XCRemoteSwiftPackageReference "firebase-ios-sdk" */;
			productName = FirebaseAuth;
		};
		1ED03F3E2794E39600E62892 /* FirebaseFirestore */ = {
			isa = XCSwiftPackageProductDependency;
			package = 1ED03F3B2794E39600E62892 /* XCRemoteSwiftPackageReference "firebase-ios-sdk" */;
			productName = FirebaseFirestore;
		};
		1ED03F402794E39600E62892 /* FirebaseFirestoreSwift-Beta */ = {
			isa = XCSwiftPackageProductDependency;
			package = 1ED03F3B2794E39600E62892 /* XCRemoteSwiftPackageReference "firebase-ios-sdk" */;
			productName = "FirebaseFirestoreSwift-Beta";
		};
		1ED03F422794E39600E62892 /* FirebaseStorage */ = {
			isa = XCSwiftPackageProductDependency;
			package = 1ED03F3B2794E39600E62892 /* XCRemoteSwiftPackageReference "firebase-ios-sdk" */;
			productName = FirebaseStorage;
		};
/* End XCSwiftPackageProductDependency section */
	};
	rootObject = 1E492220279268A6006FD6E3 /* Project object */;
}
